
Microsoft Visual Studio Solution File, Format Version 12.00
# Visual Studio 15
VisualStudioVersion = 15.0.27004.2008
MinimumVisualStudioVersion = 10.0.40219.1
Project("{FAE04EC0-301F-11D3-BF4B-00C04F79EFBC}") = "FrontierDevelopments-Shields-RedistHeat", "Source\FrontierDevelopments-Shields-RedistHeat.csproj", "{3BBB6125-FD90-49F9-8620-3C4EDECA784C}"
EndProject
Global
	GlobalSection(SolutionConfigurationPlatforms) = preSolution
		Debug|Any CPU = Debug|Any CPU
		Release|Any CPU = Release|Any CPU
	EndGlobalSection
	GlobalSection(ProjectConfigurationPlatforms) = postSolution
		{3BBB6125-FD90-49F9-8620-3C4EDECA784C}.Debug|Any CPU.ActiveCfg = Debug|Any CPU
		{3BBB6125-FD90-49F9-8620-3C4EDECA784C}.Debug|Any CPU.Build.0 = Debug|Any CPU
		{3BBB6125-FD90-49F9-8620-3C4EDECA784C}.Release|Any CPU.ActiveCfg = Release|Any CPU
		{3BBB6125-FD90-49F9-8620-3C4EDECA784C}.Release|Any CPU.Build.0 = Release|Any CPU
	EndGlobalSection
	GlobalSection(SolutionProperties) = preSolution
		HideSolutionNode = FALSE
	EndGlobalSection
	GlobalSection(ExtensibilityGlobals) = postSolution
		SolutionGuid = {D7DD341A-ACA2-4C55-9F95-74ECF246A1CA}
	EndGlobalSection
EndGlobal
